
Microsoft Visual Studio Solution File, Format Version 11.00
# Visual Studio 2010
Project("{FAE04EC0-301F-11D3-BF4B-00C04F79EFBC}") = "P2P Calculations", "LDC\P2P Calculations.csproj", "{F7EFC3F9-B603-4F4C-86E5-870CD6A60563}"
EndProject
Project("{FAE04EC0-301F-11D3-BF4B-00C04F79EFBC}") = "LDC Acceptance", "LDC Acceptance\LDC Acceptance.csproj", "{437A88E7-15A8-450D-83E1-7BED01C08079}"
EndProject
Global
	GlobalSection(SolutionConfigurationPlatforms) = preSolution
		Debug|Any CPU = Debug|Any CPU
		Release|Any CPU = Release|Any CPU
	EndGlobalSection
	GlobalSection(ProjectConfigurationPlatforms) = postSolution
		{F7EFC3F9-B603-4F4C-86E5-870CD6A60563}.Debug|Any CPU.ActiveCfg = Debug|Any CPU
		{F7EFC3F9-B603-4F4C-86E5-870CD6A60563}.Debug|Any CPU.Build.0 = Debug|Any CPU
		{F7EFC3F9-B603-4F4C-86E5-870CD6A60563}.Release|Any CPU.ActiveCfg = Release|Any CPU
		{F7EFC3F9-B603-4F4C-86E5-870CD6A60563}.Release|Any CPU.Build.0 = Release|Any CPU
		{437A88E7-15A8-450D-83E1-7BED01C08079}.Debug|Any CPU.ActiveCfg = Debug|Any CPU
		{437A88E7-15A8-450D-83E1-7BED01C08079}.Debug|Any CPU.Build.0 = Debug|Any CPU
		{437A88E7-15A8-450D-83E1-7BED01C08079}.Release|Any CPU.ActiveCfg = Release|Any CPU
		{437A88E7-15A8-450D-83E1-7BED01C08079}.Release|Any CPU.Build.0 = Release|Any CPU
	EndGlobalSection
	GlobalSection(SolutionProperties) = preSolution
		HideSolutionNode = FALSE
	EndGlobalSection
EndGlobal
